
Microsoft Visual Studio Solution File, Format Version 12.00
# Visual Studio Version 16
VisualStudioVersion = 16.0.30011.22
MinimumVisualStudioVersion = 10.0.40219.1
Project("{9A19103F-16F7-4668-BE54-9A1E7A4F7556}") = "DebateLeadToSolution.Post.API", "DebateLeadToSolution.Post.API\DebateLeadToSolution.Post.API.csproj", "{3A85AEBD-BDE5-45C4-9AD8-984614142F68}"
EndProject
Project("{9A19103F-16F7-4668-BE54-9A1E7A4F7556}") = "DebateLeadToSolution.User.API", "DebateLeadToSolution.User.API\DebateLeadToSolution.User.API.csproj", "{1E00D82A-D084-4DA9-89B7-BC696B65F98A}"
EndProject
Project("{9A19103F-16F7-4668-BE54-9A1E7A4F7556}") = "DebateLeadToSolution.Post.Domain", "DebateLeadToSolution.Post.Domain\DebateLeadToSolution.Post.Domain.csproj", "{BC40B520-5B03-457B-AF1E-8380384A0267}"
EndProject
Project("{9A19103F-16F7-4668-BE54-9A1E7A4F7556}") = "DebateLeadToSolution.User.Domain", "DebateLeadToSolution.User.Domain\DebateLeadToSolution.User.Domain.csproj", "{4CBCBE9B-BBCF-4DE0-A72B-D1269E26375F}"
EndProject
Project("{9092AA53-FB77-4645-B42D-1CCCA6BD08BD}") = "DebateLeadToSolution.Comment.API", "DebateLeadToSolution.Comment.API\DebateLeadToSolution.Comment.API.njsproj", "{8330AFE0-7202-4386-A2AC-B204BC976011}"
EndProject
Global
	GlobalSection(SolutionConfigurationPlatforms) = preSolution
		Debug|Any CPU = Debug|Any CPU
		Release|Any CPU = Release|Any CPU
	EndGlobalSection
	GlobalSection(ProjectConfigurationPlatforms) = postSolution
		{3A85AEBD-BDE5-45C4-9AD8-984614142F68}.Debug|Any CPU.ActiveCfg = Debug|Any CPU
		{3A85AEBD-BDE5-45C4-9AD8-984614142F68}.Debug|Any CPU.Build.0 = Debug|Any CPU
		{3A85AEBD-BDE5-45C4-9AD8-984614142F68}.Release|Any CPU.ActiveCfg = Release|Any CPU
		{3A85AEBD-BDE5-45C4-9AD8-984614142F68}.Release|Any CPU.Build.0 = Release|Any CPU
		{1E00D82A-D084-4DA9-89B7-BC696B65F98A}.Debug|Any CPU.ActiveCfg = Debug|Any CPU
		{1E00D82A-D084-4DA9-89B7-BC696B65F98A}.Debug|Any CPU.Build.0 = Debug|Any CPU
		{1E00D82A-D084-4DA9-89B7-BC696B65F98A}.Release|Any CPU.ActiveCfg = Release|Any CPU
		{1E00D82A-D084-4DA9-89B7-BC696B65F98A}.Release|Any CPU.Build.0 = Release|Any CPU
		{BC40B520-5B03-457B-AF1E-8380384A0267}.Debug|Any CPU.ActiveCfg = Debug|Any CPU
		{BC40B520-5B03-457B-AF1E-8380384A0267}.Debug|Any CPU.Build.0 = Debug|Any CPU
		{BC40B520-5B03-457B-AF1E-8380384A0267}.Release|Any CPU.ActiveCfg = Release|Any CPU
		{BC40B520-5B03-457B-AF1E-8380384A0267}.Release|Any CPU.Build.0 = Release|Any CPU
		{4CBCBE9B-BBCF-4DE0-A72B-D1269E26375F}.Debug|Any CPU.ActiveCfg = Debug|Any CPU
		{4CBCBE9B-BBCF-4DE0-A72B-D1269E26375F}.Debug|Any CPU.Build.0 = Debug|Any CPU
		{4CBCBE9B-BBCF-4DE0-A72B-D1269E26375F}.Release|Any CPU.ActiveCfg = Release|Any CPU
		{4CBCBE9B-BBCF-4DE0-A72B-D1269E26375F}.Release|Any CPU.Build.0 = Release|Any CPU
		{8330AFE0-7202-4386-A2AC-B204BC976011}.Debug|Any CPU.ActiveCfg = Debug|Any CPU
		{8330AFE0-7202-4386-A2AC-B204BC976011}.Debug|Any CPU.Build.0 = Debug|Any CPU
		{8330AFE0-7202-4386-A2AC-B204BC976011}.Release|Any CPU.ActiveCfg = Release|Any CPU
		{8330AFE0-7202-4386-A2AC-B204BC976011}.Release|Any CPU.Build.0 = Release|Any CPU
	EndGlobalSection
	GlobalSection(SolutionProperties) = preSolution
		HideSolutionNode = FALSE
	EndGlobalSection
	GlobalSection(ExtensibilityGlobals) = postSolution
		SolutionGuid = {1A629F26-0C48-4374-9670-CBEAE80FD77D}
	EndGlobalSection
EndGlobal
